lockfileVersion: '6.0'

settings:
  autoInstallPeers: true
  excludeLinksFromLockfile: false

dependencies:
  '@ant-design/icons-vue':
    specifier: ^6.1.0
    version: registry.npmmirror.com/@ant-design/icons-vue@6.1.0(vue@3.2.45)
  ant-design-vue:
    specifier: ^3.2.15
    version: registry.npmmirror.com/ant-design-vue@3.2.15(vue@3.2.45)
  axios:
    specifier: ^1.2.2
    version: registry.npmmirror.com/axios@1.2.2
  dayjs:
    specifier: ^1.11.7
    version: registry.npmmirror.com/dayjs@1.11.7
  vue:
    specifier: ^3.2.45
    version: registry.npmmirror.com/vue@3.2.45
  vue-router:
    specifier: '4'
    version: registry.npmmirror.com/vue-router@4.1.6(vue@3.2.45)

devDependencies:
  '@vitejs/plugin-vue':
    specifier: ^4.0.0
    version: registry.npmmirror.com/@vitejs/plugin-vue@4.0.0(vite@4.0.4)(vue@3.2.45)
  typescript:
    specifier: ^4.9.3
    version: registry.npmmirror.com/typescript@4.9.4
  vite:
    specifier: ^4.0.0
    version: registry.npmmirror.com/vite@4.0.4
  vue-tsc:
    specifier: ^1.0.11
    version: registry.npmmirror.com/vue-tsc@1.0.22(typescript@4.9.4)

packages:

  /@esbuild/android-arm64@0.16.14:
    resolution: {integrity: sha512-hTqB6Iq13pW4xaydeqQrs8vPntUnMjbkq+PgGiBMi69eYk74naG2ftHWqKnxn874kNrt5Or3rQ0PJutx2doJuQ==}
    engines: {node: '>=12'}
    cpu: [arm64]
    os: [android]
    requiresBuild: true
    dev: true
    optional: true

  /@esbuild/android-arm@0.16.14:
    resolution: {integrity: sha512-u0rITLxFIeYAvtJXBQNhNuV4YZe+MD1YvIWT7Nicj8hZAtRVZk2PgNH6KclcKDVHz1ChLKXRfX7d7tkbQBUfrg==}
    engines: {node: '>=12'}
    cpu: [arm]
    os: [android]
    requiresBuild: true
    dev: true
    optional: true

  /@esbuild/android-x64@0.16.14:
    resolution: {integrity: sha512-jir51K4J0K5Rt0KOcippjSNdOl7akKDVz5I6yrqdk4/m9y+rldGptQUF7qU4YpX8U61LtR+w2Tu2Ph+K/UaJOw==}
    engines: {node: '>=12'}
    cpu: [x64]
    os: [android]
    requiresBuild: true
    dev: true
    optional: true

  /@esbuild/darwin-arm64@0.16.14:
    resolution: {integrity: sha512-vrlaP81IuwPaw1fyX8fHCmivP3Gr73ojVEZy+oWJLAiZVcG8o8Phwun/XDnYIFUHxIoUnMFEpg9o38MIvlw8zw==}
    engines: {node: '>=12'}
    cpu: [arm64]
    os: [darwin]
    requiresBuild: true
    dev: true
    optional: true

  /@esbuild/darwin-x64@0.16.14:
    resolution: {integrity: sha512-KV1E01eC2hGYA2qzFDRCK4wdZCRUvMwCNcobgpiiOzp5QXpJBqFPdxI69j8vvzuU7oxFXDgANwEkXvpeQqyOyg==}
    engines: {node: '>=12'}
    cpu: [x64]
    os: [darwin]
    requiresBuild: true
    dev: true
    optional: true

  /@esbuild/freebsd-arm64@0.16.14:
    resolution: {integrity: sha512-xRM1RQsazSvL42BNa5XC7ytD4ZDp0ZyJcH7aB0SlYUcHexJUKiDNKR7dlRVlpt6W0DvoRPU2nWK/9/QWS4u2fw==}
    engines: {node: '>=12'}
    cpu: [arm64]
    os: [freebsd]
    requiresBuild: true
    dev: true
    optional: true

  /@esbuild/freebsd-x64@0.16.14:
    resolution: {integrity: sha512-7ALTAn6YRRf1O6fw9jmn0rWmOx3XfwDo7njGtjy1LXhDGUjTY/vohEPM3ii5MQ411vJv1r498EEx2aBQTJcrEw==}
    engines: {node: '>=12'}
    cpu: [x64]
    os: [freebsd]
    requiresBuild: true
    dev: true
    optional: true

  /@esbuild/linux-arm64@0.16.14:
    resolution: {integrity: sha512-TLh2OcbBUQcMYRH4GbiDkDZfZ4t1A3GgmeXY27dHSI6xrU7IkO00MGBiJySmEV6sH3Wa6pAN6UtaVL0DwkGW4Q==}
    engines: {node: '>=12'}
    cpu: [arm64]
    os: [linux]
    requiresBuild: true
    dev: true
    optional: true

  /@esbuild/linux-arm@0.16.14:
    resolution: {integrity: sha512-X6xULug66ulrr4IzrW7qq+eq9n4MtEyagdWvj4o4cmWr+JXOT47atjpDF9j5M2zHY0UQBmqnHhwl+tXpkpIb2w==}
    engines: {node: '>=12'}
    cpu: [arm]
    os: [linux]
    requiresBuild: true
    dev: true
    optional: true

  /@esbuild/linux-ia32@0.16.14:
    resolution: {integrity: sha512-oBZkcZ56UZDFCAfE3Fd/Jgy10EoS7Td77NzNGenM+HSY8BkdQAcI9VF9qgwdOLZ+tuftWD7UqZ26SAhtvA3XhA==}
    engines: {node: '>=12'}
    cpu: [ia32]
    os: [linux]
    requiresBuild: true
    dev: true
    optional: true

  /@esbuild/linux-loong64@0.16.14:
    resolution: {integrity: sha512-udz/aEHTcuHP+xdWOJmZ5C9RQXHfZd/EhCnTi1Hfay37zH3lBxn/fNs85LA9HlsniFw2zccgcbrrTMKk7Cn1Qg==}
    engines: {node: '>=12'}
    cpu: [loong64]
    os: [linux]
    requiresBuild: true
    dev: true
    optional: true

  /@esbuild/linux-mips64el@0.16.14:
    resolution: {integrity: sha512-kJ2iEnikUOdC1SiTGbH0fJUgpZwa0ITDTvj9EHf9lm3I0hZ4Yugsb3M6XSl696jVxrEocLe519/8CbSpQWFSrg==}
    engines: {node: '>=12'}
    cpu: [mips64el]
    os: [linux]
    requiresBuild: true
    dev: true
    optional: true

  /@esbuild/linux-ppc64@0.16.14:
    resolution: {integrity: sha512-kclKxvZvX5YhykwlJ/K9ljiY4THe5vXubXpWmr7q3Zu3WxKnUe1VOZmhkEZlqtnJx31GHPEV4SIG95IqTdfgfg==}
    engines: {node: '>=12'}
    cpu: [ppc64]
    os: [linux]
    requiresBuild: true
    dev: true
    optional: true

  /@esbuild/linux-riscv64@0.16.14:
    resolution: {integrity: sha512-fdwP9Dc+Kx/cZwp9T9kNqjAE/PQjfrxbio4rZ3XnC3cVvZBjuxpkiyu/tuCwt6SbAK5th6AYNjFdEV9kGC020A==}
    engines: {node: '>=12'}
    cpu: [riscv64]
    os: [linux]
    requiresBuild: true
    dev: true
    optional: true

  /@esbuild/linux-s390x@0.16.14:
    resolution: {integrity: sha512-++fw3P4fQk9nqvdzbANRqimKspL8pDCnSpXomyhV7V/ISha/BZIYvZwLBWVKp9CVWKwWPJ4ktsezuLIvlJRHqA==}
    engines: {node: '>=12'}
    cpu: [s390x]
    os: [linux]
    requiresBuild: true
    dev: true
    optional: true

  /@esbuild/linux-x64@0.16.14:
    resolution: {integrity: sha512-TomtswAuzBf2NnddlrS4W01Tv85RM9YtATB3OugY6On0PLM4Ksz5qvQKVAjtzPKoLgL1FiZtfc8mkZc4IgoMEA==}
    engines: {node: '>=12'}
    cpu: [x64]
    os: [linux]
    requiresBuild: true
    dev: true
    optional: true

  /@esbuild/netbsd-x64@0.16.14:
    resolution: {integrity: sha512-U06pfx8P5CqyoPNfqIJmnf+5/r4mJ1S62G4zE6eOjS59naQcxi6GnscUCPH3b+hRG0qdKoGX49RAyiqW+M9aSw==}
    engines: {node: '>=12'}
    cpu: [x64]
    os: [netbsd]
    requiresBuild: true
    dev: true
    optional: true

  /@esbuild/openbsd-x64@0.16.14:
    resolution: {integrity: sha512-/Jl8XVaWEZNu9rZw+n792GIBupQwHo6GDoapHSb/2xp/Ku28eK6QpR2O9cPBkzHH4OOoMH0LB6zg/qczJ5TTGg==}
    engines: {node: '>=12'}
    cpu: [x64]
    os: [openbsd]
    requiresBuild: true
    dev: true
    optional: true

  /@esbuild/sunos-x64@0.16.14:
    resolution: {integrity: sha512-2iI7D34uTbDn/TaSiUbEHz+fUa8KbN90vX5yYqo12QGpu6T8Jl+kxODsWuMCwoTVlqUpwfPV22nBbFPME9OPtw==}
    engines: {node: '>=12'}
    cpu: [x64]
    os: [sunos]
    requiresBuild: true
    dev: true
    optional: true

  /@esbuild/win32-arm64@0.16.14:
    resolution: {integrity: sha512-SjlM7AHmQVTiGBJE/nqauY1aDh80UBsXZ94g4g60CDkrDMseatiqALVcIuElg4ZSYzJs8hsg5W6zS2zLpZTVgg==}
    engines: {node: '>=12'}
    cpu: [arm64]
    os: [win32]
    requiresBuild: true
    dev: true
    optional: true

  /@esbuild/win32-ia32@0.16.14:
    resolution: {integrity: sha512-z06t5zqk8ak0Xom5HG81z2iOQ1hNWYsFQp3sczVLVx+dctWdgl80tNRyTbwjaFfui2vFO12dfE3trCTvA+HO4g==}
    engines: {node: '>=12'}
    cpu: [ia32]
    os: [win32]
    requiresBuild: true
    dev: true
    optional: true

  /@esbuild/win32-x64@0.16.14:
    resolution: {integrity: sha512-ED1UpWcM6lAbalbbQ9TrGqJh4Y9TaASUvu8bI/0mgJcxhSByJ6rbpgqRhxYMaQ682WfA71nxUreaTO7L275zrw==}
    engines: {node: '>=12'}
    cpu: [x64]
    os: [win32]
    requiresBuild: true
    dev: true
    optional: true

  /fsevents@2.3.2:
    resolution: {integrity: sha512-xiqMQR4xAeHTuB9uWm+fFRcIOgKBMiOBP+eXiyT7jsgVCq1bkVygt00oASowB7EdtpOHaaPgKt812P9ab+DDKA==}
    engines: {node: ^8.16.0 || ^10.6.0 || >=11.0.0}
    os: [darwin]
    requiresBuild: true
    dev: true
    optional: true

  registry.npmmirror.com/@ant-design/colors@6.0.0:
    resolution: {integrity: sha512-qAZRvPzfdWHtfameEGP2Qvuf838NhergR35o+EuVyB5XvSA98xod5r4utvi4TJ3ywmevm290g9nsCG5MryrdWQ==, registry: http://registry.npm.taobao.org/, tarball: https://registry.npmmirror.com/@ant-design/colors/-/colors-6.0.0.tgz}
    name: '@ant-design/colors'
    version: 6.0.0
    dependencies:
      '@ctrl/tinycolor': registry.npmmirror.com/@ctrl/tinycolor@3.5.0
    dev: false

  registry.npmmirror.com/@ant-design/icons-svg@4.2.1:
    resolution: {integrity: sha512-EB0iwlKDGpG93hW8f85CTJTs4SvMX7tt5ceupvhALp1IF44SeUFOMhKUOYqpsoYWQKAOuTRDMqn75rEaKDp0Xw==, registry: http://registry.npm.taobao.org/, tarball: https://registry.npmmirror.com/@ant-design/icons-svg/-/icons-svg-4.2.1.tgz}
    name: '@ant-design/icons-svg'
    version: 4.2.1
    dev: false

  registry.npmmirror.com/@ant-design/icons-vue@6.1.0(vue@3.2.45):
    resolution: {integrity: sha512-EX6bYm56V+ZrKN7+3MT/ubDkvJ5rK/O2t380WFRflDcVFgsvl3NLH7Wxeau6R8DbrO5jWR6DSTC3B6gYFp77AA==, registry: http://registry.npm.taobao.org/, tarball: https://registry.npmmirror.com/@ant-design/icons-vue/-/icons-vue-6.1.0.tgz}
    id: registry.npmmirror.com/@ant-design/icons-vue/6.1.0
    name: '@ant-design/icons-vue'
    version: 6.1.0
    peerDependencies:
      vue: '>=3.0.3'
    dependencies:
      '@ant-design/colors': registry.npmmirror.com/@ant-design/colors@6.0.0
      '@ant-design/icons-svg': registry.npmmirror.com/@ant-design/icons-svg@4.2.1
      vue: registry.npmmirror.com/vue@3.2.45
    dev: false

  registry.npmmirror.com/@babel/helper-string-parser@7.19.4:
    resolution: {integrity: sha512-nHtDoQcuqFmwYNYPz3Rah5ph2p8PFeFCsZk9A/48dPc/rGocJ5J3hAAZ7pb76VWX3fZKu+uEr/FhH5jLx7umrw==, registry: http://registry.npm.taobao.org/, tarball: https://registry.npmmirror.com/@babel/helper-string-parser/-/helper-string-parser-7.19.4.tgz}
    name: '@babel/helper-string-parser'
    version: 7.19.4
    engines: {node: '>=6.9.0'}

  registry.npmmirror.com/@babel/helper-validator-identifier@7.19.1:
    resolution: {integrity: sha512-awrNfaMtnHUr653GgGEs++LlAvW6w+DcPrOliSMXWCKo597CwL5Acf/wWdNkf/tfEQE3mjkeD1YOVZOUV/od1w==, registry: http://registry.npm.taobao.org/, tarball: https://registry.npmmirror.com/@babel/helper-validator-identifier/-/helper-validator-identifier-7.19.1.tgz}
    name: '@babel/helper-validator-identifier'
    version: 7.19.1
    engines: {node: '>=6.9.0'}

  registry.npmmirror.com/@babel/parser@7.20.7:
    resolution: {integrity: sha512-T3Z9oHybU+0vZlY9CiDSJQTD5ZapcW18ZctFMi0MOAl/4BjFF4ul7NVSARLdbGO5vDqy9eQiGTV0LtKfvCYvcg==, registry: http://registry.npm.taobao.org/, tarball: https://registry.npmmirror.com/@babel/parser/-/parser-7.20.7.tgz}
    name: '@babel/parser'
    version: 7.20.7
    engines: {node: '>=6.0.0'}
    hasBin: true
    dependencies:
      '@babel/types': registry.npmmirror.com/@babel/types@7.20.7

  registry.npmmirror.com/@babel/runtime@7.20.7:
    resolution: {integrity: sha512-UF0tvkUtxwAgZ5W/KrkHf0Rn0fdnLDU9ScxBrEVNUprE/MzirjK4MJUX1/BVDv00Sv8cljtukVK1aky++X1SjQ==, registry: http://registry.npm.taobao.org/, tarball: https://registry.npmmirror.com/@babel/runtime/-/runtime-7.20.7.tgz}
    name: '@babel/runtime'
    version: 7.20.7
    engines: {node: '>=6.9.0'}
    dependencies:
      regenerator-runtime: registry.npmmirror.com/regenerator-runtime@0.13.11
    dev: false

  registry.npmmirror.com/@babel/types@7.20.7:
    resolution: {integrity: sha512-69OnhBxSSgK0OzTJai4kyPDiKTIe3j+ctaHdIGVbRahTLAT7L3R9oeXHC2aVSuGYt3cVnoAMDmOCgJ2yaiLMvg==, registry: http://registry.npm.taobao.org/, tarball: https://registry.npmmirror.com/@babel/types/-/types-7.20.7.tgz}
    name: '@babel/types'
    version: 7.20.7
    engines: {node: '>=6.9.0'}
    dependencies:
      '@babel/helper-string-parser': registry.npmmirror.com/@babel/helper-string-parser@7.19.4
      '@babel/helper-validator-identifier': registry.npmmirror.com/@babel/helper-validator-identifier@7.19.1
      to-fast-properties: registry.npmmirror.com/to-fast-properties@2.0.0

  registry.npmmirror.com/@ctrl/tinycolor@3.5.0:
    resolution: {integrity: sha512-tlJpwF40DEQcfR/QF+wNMVyGMaO9FQp6Z1Wahj4Gk3CJQYHwA2xVG7iKDFdW6zuxZY9XWOpGcfNCTsX4McOsOg==, registry: http://registry.npm.taobao.org/, tarball: https://registry.npmmirror.com/@ctrl/tinycolor/-/tinycolor-3.5.0.tgz}
    name: '@ctrl/tinycolor'
    version: 3.5.0
    engines: {node: '>=10'}
    dev: false

  registry.npmmirror.com/@simonwep/pickr@1.8.2:
    resolution: {integrity: sha512-/l5w8BIkrpP6n1xsetx9MWPWlU6OblN5YgZZphxan0Tq4BByTCETL6lyIeY8lagalS2Nbt4F2W034KHLIiunKA==, registry: http://registry.npm.taobao.org/, tarball: https://registry.npmmirror.com/@simonwep/pickr/-/pickr-1.8.2.tgz}
    name: '@simonwep/pickr'
    version: 1.8.2
    dependencies:
      core-js: registry.npmmirror.com/core-js@3.27.1
      nanopop: registry.npmmirror.com/nanopop@2.2.0
    dev: false

  registry.npmmirror.com/@vitejs/plugin-vue@4.0.0(vite@4.0.4)(vue@3.2.45):
    resolution: {integrity: sha512-e0X4jErIxAB5oLtDqbHvHpJe/uWNkdpYV83AOG2xo2tEVSzCzewgJMtREZM30wXnM5ls90hxiOtAuVU6H5JgbA==, registry: http://registry.npm.taobao.org/, tarball: https://registry.npmmirror.com/@vitejs/plugin-vue/-/plugin-vue-4.0.0.tgz}
    id: registry.npmmirror.com/@vitejs/plugin-vue/4.0.0
    name: '@vitejs/plugin-vue'
    version: 4.0.0
    engines: {node: ^14.18.0 || >=16.0.0}
    peerDependencies:
      vite: ^4.0.0
      vue: ^3.2.25
    dependencies:
      vite: registry.npmmirror.com/vite@4.0.4
      vue: registry.npmmirror.com/vue@3.2.45
    dev: true

  registry.npmmirror.com/@volar/language-core@1.0.22:
    resolution: {integrity: sha512-hiJeCOqxNdtG/04FRGLGI9H9DVz2l6cTqPDBzwqplHXAWfMxjzUaGUrn9sfTG7YMFNZUgK4EYxJnRfhqdtbSFQ==, registry: http://registry.npm.taobao.org/, tarball: https://registry.npmmirror.com/@volar/language-core/-/language-core-1.0.22.tgz}
    name: '@volar/language-core'
    version: 1.0.22
    dependencies:
      '@volar/source-map': registry.npmmirror.com/@volar/source-map@1.0.22
      muggle-string: registry.npmmirror.com/muggle-string@0.1.0
    dev: true

  registry.npmmirror.com/@volar/source-map@1.0.22:
    resolution: {integrity: sha512-cv4gypHSP4MWVR82ed/+1IpI6794qAl0Q0+KJ+VGMVF8rVugsiF9QbyMCgjel9wNRsssQsazzsf6txOR9vHQiw==, registry: http://registry.npm.taobao.org/, tarball: https://registry.npmmirror.com/@volar/source-map/-/source-map-1.0.22.tgz}
    name: '@volar/source-map'
    version: 1.0.22
    dependencies:
      muggle-string: registry.npmmirror.com/muggle-string@0.1.0
    dev: true

  registry.npmmirror.com/@volar/typescript@1.0.22:
    resolution: {integrity: sha512-VPyEicealSD4gqlE5/UQ1j3ietsO6Hfat40KtUEh/K+XEZ7h02b1KgFV64YEuBkBOaZ5hgvRW/WXKtQgXCl7Iw==, registry: http://registry.npm.taobao.org/, tarball: https://registry.npmmirror.com/@volar/typescript/-/typescript-1.0.22.tgz}
    name: '@volar/typescript'
    version: 1.0.22
    dependencies:
      '@volar/language-core': registry.npmmirror.com/@volar/language-core@1.0.22
    dev: true

  registry.npmmirror.com/@volar/vue-language-core@1.0.22:
    resolution: {integrity: sha512-Ki0G/ZdBj2/GLw+/VVH3n9XR/JL6krMIth02EekFn6JV4PGN3mNxbvoh6lOPSDZLR6biOU5nJPnnjpKy8nuXhw==, registry: http://registry.npm.taobao.org/, tarball: https://registry.npmmirror.com/@volar/vue-language-core/-/vue-language-core-1.0.22.tgz}
    name: '@volar/vue-language-core'
    version: 1.0.22
    dependencies:
      '@volar/language-core': registry.npmmirror.com/@volar/language-core@1.0.22
      '@volar/source-map': registry.npmmirror.com/@volar/source-map@1.0.22
      '@vue/compiler-dom': registry.npmmirror.com/@vue/compiler-dom@3.2.45
      '@vue/compiler-sfc': registry.npmmirror.com/@vue/compiler-sfc@3.2.45
      '@vue/reactivity': registry.npmmirror.com/@vue/reactivity@3.2.45
      '@vue/shared': registry.npmmirror.com/@vue/shared@3.2.45
      minimatch: registry.npmmirror.com/minimatch@5.1.2
      vue-template-compiler: registry.npmmirror.com/vue-template-compiler@2.7.14
    dev: true

  registry.npmmirror.com/@volar/vue-typescript@1.0.22:
    resolution: {integrity: sha512-2T1o5z86PAev31OMtVOv/qp4P3ZVl9ln/2KTmykQE8Fh4A5F+868MW4nf5J7XQ6RNyx7RH9LhzgjvbqJpAfiYw==, registry: http://registry.npm.taobao.org/, tarball: https://registry.npmmirror.com/@volar/vue-typescript/-/vue-typescript-1.0.22.tgz}
    name: '@volar/vue-typescript'
    version: 1.0.22
    dependencies:
      '@volar/typescript': registry.npmmirror.com/@volar/typescript@1.0.22
      '@volar/vue-language-core': registry.npmmirror.com/@volar/vue-language-core@1.0.22
    dev: true

  registry.npmmirror.com/@vue/compiler-core@3.2.45:
    resolution: {integrity: sha512-rcMj7H+PYe5wBV3iYeUgbCglC+pbpN8hBLTJvRiK2eKQiWqu+fG9F+8sW99JdL4LQi7Re178UOxn09puSXvn4A==, registry: http://registry.npm.taobao.org/, tarball: https://registry.npmmirror.com/@vue/compiler-core/-/compiler-core-3.2.45.tgz}
    name: '@vue/compiler-core'
    version: 3.2.45
    dependencies:
      '@babel/parser': registry.npmmirror.com/@babel/parser@7.20.7
      '@vue/shared': registry.npmmirror.com/@vue/shared@3.2.45
      estree-walker: registry.npmmirror.com/estree-walker@2.0.2
      source-map: registry.npmmirror.com/source-map@0.6.1

  registry.npmmirror.com/@vue/compiler-dom@3.2.45:
    resolution: {integrity: sha512-tyYeUEuKqqZO137WrZkpwfPCdiiIeXYCcJ8L4gWz9vqaxzIQRccTSwSWZ/Axx5YR2z+LvpUbmPNXxuBU45lyRw==, registry: http://registry.npm.taobao.org/, tarball: https://registry.npmmirror.com/@vue/compiler-dom/-/compiler-dom-3.2.45.tgz}
    name: '@vue/compiler-dom'
    version: 3.2.45
    dependencies:
      '@vue/compiler-core': registry.npmmirror.com/@vue/compiler-core@3.2.45
      '@vue/shared': registry.npmmirror.com/@vue/shared@3.2.45

  registry.npmmirror.com/@vue/compiler-sfc@3.2.45:
    resolution: {integrity: sha512-1jXDuWah1ggsnSAOGsec8cFjT/K6TMZ0sPL3o3d84Ft2AYZi2jWJgRMjw4iaK0rBfA89L5gw427H4n1RZQBu6Q==, registry: http://registry.npm.taobao.org/, tarball: https://registry.npmmirror.com/@vue/compiler-sfc/-/compiler-sfc-3.2.45.tgz}
    name: '@vue/compiler-sfc'
    version: 3.2.45
    dependencies:
      '@babel/parser': registry.npmmirror.com/@babel/parser@7.20.7
      '@vue/compiler-core': registry.npmmirror.com/@vue/compiler-core@3.2.45
      '@vue/compiler-dom': registry.npmmirror.com/@vue/compiler-dom@3.2.45
      '@vue/compiler-ssr': registry.npmmirror.com/@vue/compiler-ssr@3.2.45
      '@vue/reactivity-transform': registry.npmmirror.com/@vue/reactivity-transform@3.2.45
      '@vue/shared': registry.npmmirror.com/@vue/shared@3.2.45
      estree-walker: registry.npmmirror.com/estree-walker@2.0.2
      magic-string: registry.npmmirror.com/magic-string@0.25.9
      postcss: registry.npmmirror.com/postcss@8.4.20
      source-map: registry.npmmirror.com/source-map@0.6.1

  registry.npmmirror.com/@vue/compiler-ssr@3.2.45:
    resolution: {integrity: sha512-6BRaggEGqhWht3lt24CrIbQSRD5O07MTmd+LjAn5fJj568+R9eUD2F7wMQJjX859seSlrYog7sUtrZSd7feqrQ==, registry: http://registry.npm.taobao.org/, tarball: https://registry.npmmirror.com/@vue/compiler-ssr/-/compiler-ssr-3.2.45.tgz}
    name: '@vue/compiler-ssr'
    version: 3.2.45
    dependencies:
      '@vue/compiler-dom': registry.npmmirror.com/@vue/compiler-dom@3.2.45
      '@vue/shared': registry.npmmirror.com/@vue/shared@3.2.45

  registry.npmmirror.com/@vue/devtools-api@6.4.5:
    resolution: {integrity: sha512-JD5fcdIuFxU4fQyXUu3w2KpAJHzTVdN+p4iOX2lMWSHMOoQdMAcpFLZzm9Z/2nmsoZ1a96QEhZ26e50xLBsgOQ==, registry: http://registry.npm.taobao.org/, tarball: https://registry.npmmirror.com/@vue/devtools-api/-/devtools-api-6.4.5.tgz}
    name: '@vue/devtools-api'
    version: 6.4.5
    dev: false

  registry.npmmirror.com/@vue/reactivity-transform@3.2.45:
    resolution: {integrity: sha512-BHVmzYAvM7vcU5WmuYqXpwaBHjsS8T63jlKGWVtHxAHIoMIlmaMyurUSEs1Zcg46M4AYT5MtB1U274/2aNzjJQ==, registry: http://registry.npm.taobao.org/, tarball: https://registry.npmmirror.com/@vue/reactivity-transform/-/reactivity-transform-3.2.45.tgz}
    name: '@vue/reactivity-transform'
    version: 3.2.45
    dependencies:
      '@babel/parser': registry.npmmirror.com/@babel/parser@7.20.7
      '@vue/compiler-core': registry.npmmirror.com/@vue/compiler-core@3.2.45
      '@vue/shared': registry.npmmirror.com/@vue/shared@3.2.45
      estree-walker: registry.npmmirror.com/estree-walker@2.0.2
      magic-string: registry.npmmirror.com/magic-string@0.25.9

  registry.npmmirror.com/@vue/reactivity@3.2.45:
    resolution: {integrity: sha512-PRvhCcQcyEVohW0P8iQ7HDcIOXRjZfAsOds3N99X/Dzewy8TVhTCT4uXpAHfoKjVTJRA0O0K+6QNkDIZAxNi3A==, registry: http://registry.npm.taobao.org/, tarball: https://registry.npmmirror.com/@vue/reactivity/-/reactivity-3.2.45.tgz}
    name: '@vue/reactivity'
    version: 3.2.45
    dependencies:
      '@vue/shared': registry.npmmirror.com/@vue/shared@3.2.45

  registry.npmmirror.com/@vue/runtime-core@3.2.45:
    resolution: {integrity: sha512-gzJiTA3f74cgARptqzYswmoQx0fIA+gGYBfokYVhF8YSXjWTUA2SngRzZRku2HbGbjzB6LBYSbKGIaK8IW+s0A==, registry: http://registry.npm.taobao.org/, tarball: https://registry.npmmirror.com/@vue/runtime-core/-/runtime-core-3.2.45.tgz}
    name: '@vue/runtime-core'
    version: 3.2.45
    dependencies:
      '@vue/reactivity': registry.npmmirror.com/@vue/reactivity@3.2.45
      '@vue/shared': registry.npmmirror.com/@vue/shared@3.2.45

  registry.npmmirror.com/@vue/runtime-dom@3.2.45:
    resolution: {integrity: sha512-cy88YpfP5Ue2bDBbj75Cb4bIEZUMM/mAkDMfqDTpUYVgTf/kuQ2VQ8LebuZ8k6EudgH8pYhsGWHlY0lcxlvTwA==, registry: http://registry.npm.taobao.org/, tarball: https://registry.npmmirror.com/@vue/runtime-dom/-/runtime-dom-3.2.45.tgz}
    name: '@vue/runtime-dom'
    version: 3.2.45
    dependencies:
      '@vue/runtime-core': registry.npmmirror.com/@vue/runtime-core@3.2.45
      '@vue/shared': registry.npmmirror.com/@vue/shared@3.2.45
      csstype: registry.npmmirror.com/csstype@2.6.21

  registry.npmmirror.com/@vue/server-renderer@3.2.45(vue@3.2.45):
    resolution: {integrity: sha512-ebiMq7q24WBU1D6uhPK//2OTR1iRIyxjF5iVq/1a5I1SDMDyDu4Ts6fJaMnjrvD3MqnaiFkKQj+LKAgz5WIK3g==, registry: http://registry.npm.taobao.org/, tarball: https://registry.npmmirror.com/@vue/server-renderer/-/server-renderer-3.2.45.tgz}
    id: registry.npmmirror.com/@vue/server-renderer/3.2.45
    name: '@vue/server-renderer'
    version: 3.2.45
    peerDependencies:
      vue: 3.2.45
    dependencies:
      '@vue/compiler-ssr': registry.npmmirror.com/@vue/compiler-ssr@3.2.45
      '@vue/shared': registry.npmmirror.com/@vue/shared@3.2.45
      vue: registry.npmmirror.com/vue@3.2.45

  registry.npmmirror.com/@vue/shared@3.2.45:
    resolution: {integrity: sha512-Ewzq5Yhimg7pSztDV+RH1UDKBzmtqieXQlpTVm2AwraoRL/Rks96mvd8Vgi7Lj+h+TH8dv7mXD3FRZR3TUvbSg==, registry: http://registry.npm.taobao.org/, tarball: https://registry.npmmirror.com/@vue/shared/-/shared-3.2.45.tgz}
    name: '@vue/shared'
    version: 3.2.45

  registry.npmmirror.com/ant-design-vue@3.2.15(vue@3.2.45):
    resolution: {integrity: sha512-sJfE7LWimSdAPe4dzNyQBrmVMnOTNQTkG9oOyr+7W8qIYrX8sYWyC68Nn1uum4KBJUSZUa/BU6dohvTG0urBhA==, registry: http://registry.npm.taobao.org/, tarball: https://registry.npmmirror.com/ant-design-vue/-/ant-design-vue-3.2.15.tgz}
    id: registry.npmmirror.com/ant-design-vue/3.2.15
    name: ant-design-vue
    version: 3.2.15
    engines: {node: '>=12.22.0'}
    peerDependencies:
      vue: '>=3.2.0'
    dependencies:
      '@ant-design/colors': registry.npmmirror.com/@ant-design/colors@6.0.0
      '@ant-design/icons-vue': registry.npmmirror.com/@ant-design/icons-vue@6.1.0(vue@3.2.45)
      '@babel/runtime': registry.npmmirror.com/@babel/runtime@7.20.7
      '@ctrl/tinycolor': registry.npmmirror.com/@ctrl/tinycolor@3.5.0
      '@simonwep/pickr': registry.npmmirror.com/@simonwep/pickr@1.8.2
      array-tree-filter: registry.npmmirror.com/array-tree-filter@2.1.0
      async-validator: registry.npmmirror.com/async-validator@4.2.5
      dayjs: registry.npmmirror.com/dayjs@1.11.7
      dom-align: registry.npmmirror.com/dom-align@1.12.4
      dom-scroll-into-view: registry.npmmirror.com/dom-scroll-into-view@2.0.1
      lodash: registry.npmmirror.com/lodash@4.17.21
      lodash-es: registry.npmmirror.com/lodash-es@4.17.21
      resize-observer-polyfill: registry.npmmirror.com/resize-observer-polyfill@1.5.1
      scroll-into-view-if-needed: registry.npmmirror.com/scroll-into-view-if-needed@2.2.31
      shallow-equal: registry.npmmirror.com/shallow-equal@1.2.1
      vue: registry.npmmirror.com/vue@3.2.45
      vue-types: registry.npmmirror.com/vue-types@3.0.2(vue@3.2.45)
      warning: registry.npmmirror.com/warning@4.0.3
    dev: false

  registry.npmmirror.com/array-tree-filter@2.1.0:
    resolution: {integrity: sha512-4ROwICNlNw/Hqa9v+rk5h22KjmzB1JGTMVKP2AKJBOCgb0yL0ASf0+YvCcLNNwquOHNX48jkeZIJ3a+oOQqKcw==, registry: http://registry.npm.taobao.org/, tarball: https://registry.npmmirror.com/array-tree-filter/-/array-tree-filter-2.1.0.tgz}
    name: array-tree-filter
    version: 2.1.0
    dev: false

  registry.npmmirror.com/async-validator@4.2.5:
    resolution: {integrity: sha512-7HhHjtERjqlNbZtqNqy2rckN/SpOOlmDliet+lP7k+eKZEjPk3DgyeU9lIXLdeLz0uBbbVp+9Qdow9wJWgwwfg==, registry: http://registry.npm.taobao.org/, tarball: https://registry.npmmirror.com/async-validator/-/async-validator-4.2.5.tgz}
    name: async-validator
    version: 4.2.5
    dev: false

  registry.npmmirror.com/asynckit@0.4.0:
    resolution: {integrity: sha512-Oei9OH4tRh0YqU3GxhX79dM/mwVgvbZJaSNaRk+bshkj0S5cfHcgYakreBjrHwatXKbz+IoIdYLxrKim2MjW0Q==, registry: http://registry.npm.taobao.org/, tarball: https://registry.npmmirror.com/asynckit/-/asynckit-0.4.0.tgz}
    name: asynckit
    version: 0.4.0
    dev: false

  registry.npmmirror.com/axios@1.2.2:
    resolution: {integrity: sha512-bz/J4gS2S3I7mpN/YZfGFTqhXTYzRho8Ay38w2otuuDR322KzFIWm/4W2K6gIwvWaws5n+mnb7D1lN9uD+QH6Q==, registry: http://registry.npm.taobao.org/, tarball: https://registry.npmmirror.com/axios/-/axios-1.2.2.tgz}
    name: axios
    version: 1.2.2
    dependencies:
      follow-redirects: registry.npmmirror.com/follow-redirects@1.15.2
      form-data: registry.npmmirror.com/form-data@4.0.0
      proxy-from-env: registry.npmmirror.com/proxy-from-env@1.1.0
    transitivePeerDependencies:
      - debug
    dev: false

  registry.npmmirror.com/balanced-match@1.0.2:
    resolution: {integrity: sha512-3oSeUO0TMV67hN1AmbXsK4yaqU7tjiHlbxRDZOpH0KW9+CeX4bRAaX0Anxt0tx2MrpRpWwQaPwIlISEJhYU5Pw==, registry: http://registry.npm.taobao.org/, tarball: https://registry.npmmirror.com/balanced-match/-/balanced-match-1.0.2.tgz}
    name: balanced-match
    version: 1.0.2
    dev: true

  registry.npmmirror.com/brace-expansion@2.0.1:
    resolution: {integrity: sha512-XnAIvQ8eM+kC6aULx6wuQiwVsnzsi9d3WxzV3FpWTGA19F621kwdbsAcFKXgKUHZWsy+mY6iL1sHTxWEFCytDA==, registry: http://registry.npm.taobao.org/, tarball: https://registry.npmmirror.com/brace-expansion/-/brace-expansion-2.0.1.tgz}
    name: brace-expansion
    version: 2.0.1
    dependencies:
      balanced-match: registry.npmmirror.com/balanced-match@1.0.2
    dev: true

  registry.npmmirror.com/combined-stream@1.0.8:
    resolution: {integrity: sha512-FQN4MRfuJeHf7cBbBMJFXhKSDq+2kAArBlmRBvcvFE5BB1HZKXtSFASDhdlz9zOYwxh8lDdnvmMOe/+5cdoEdg==, registry: http://registry.npm.taobao.org/, tarball: https://registry.npmmirror.com/combined-stream/-/combined-stream-1.0.8.tgz}
    name: combined-stream
    version: 1.0.8
    engines: {node: '>= 0.8'}
    dependencies:
      delayed-stream: registry.npmmirror.com/delayed-stream@1.0.0
    dev: false

  registry.npmmirror.com/compute-scroll-into-view@1.0.20:
    resolution: {integrity: sha512-UCB0ioiyj8CRjtrvaceBLqqhZCVP+1B8+NWQhmdsm0VXOJtobBCf1dBQmebCCo34qZmUwZfIH2MZLqNHazrfjg==, registry: http://registry.npm.taobao.org/, tarball: https://registry.npmmirror.com/compute-scroll-into-view/-/compute-scroll-into-view-1.0.20.tgz}
    name: compute-scroll-into-view
    version: 1.0.20
    dev: false

  registry.npmmirror.com/core-js@3.27.1:
    resolution: {integrity: sha512-GutwJLBChfGCpwwhbYoqfv03LAfmiz7e7D/BNxzeMxwQf10GRSzqiOjx7AmtEk+heiD/JWmBuyBPgFtx0Sg1ww==, registry: http://registry.npm.taobao.org/, tarball: https://registry.npmmirror.com/core-js/-/core-js-3.27.1.tgz}
    name: core-js
    version: 3.27.1
    requiresBuild: true
    dev: false

  registry.npmmirror.com/csstype@2.6.21:
    resolution: {integrity: sha512-Z1PhmomIfypOpoMjRQB70jfvy/wxT50qW08YXO5lMIJkrdq4yOTR+AW7FqutScmB9NkLwxo+jU+kZLbofZZq/w==, registry: http://registry.npm.taobao.org/, tarball: https://registry.npmmirror.com/csstype/-/csstype-2.6.21.tgz}
    name: csstype
    version: 2.6.21

  registry.npmmirror.com/dayjs@1.11.7:
    resolution: {integrity: sha512-+Yw9U6YO5TQohxLcIkrXBeY73WP3ejHWVvx8XCk3gxvQDCTEmS48ZrSZCKciI7Bhl/uCMyxYtE9UqRILmFphkQ==, registry: http://registry.npm.taobao.org/, tarball: https://registry.npmmirror.com/dayjs/-/dayjs-1.11.7.tgz}
    name: dayjs
    version: 1.11.7
    dev: false

  registry.npmmirror.com/de-indent@1.0.2:
    resolution: {integrity: sha512-e/1zu3xH5MQryN2zdVaF0OrdNLUbvWxzMbi+iNA6Bky7l1RoP8a2fIbRocyHclXt/arDrrR6lL3TqFD9pMQTsg==, registry: http://registry.npm.taobao.org/, tarball: https://registry.npmmirror.com/de-indent/-/de-indent-1.0.2.tgz}
    name: de-indent
    version: 1.0.2
    dev: true

  registry.npmmirror.com/delayed-stream@1.0.0:
    resolution: {integrity: sha512-ZySD7Nf91aLB0RxL4KGrKHBXl7Eds1DAmEdcoVawXnLD7SDhpNgtuII2aAkg7a7QS41jxPSZ17p4VdGnMHk3MQ==, registry: http://registry.npm.taobao.org/, tarball: https://registry.npmmirror.com/delayed-stream/-/delayed-stream-1.0.0.tgz}
    name: delayed-stream
    version: 1.0.0
    engines: {node: '>=0.4.0'}
    dev: false

  registry.npmmirror.com/dom-align@1.12.4:
    resolution: {integrity: sha512-R8LUSEay/68zE5c8/3BDxiTEvgb4xZTF0RKmAHfiEVN3klfIpXfi2/QCoiWPccVQ0J/ZGdz9OjzL4uJEP/MRAw==, registry: http://registry.npm.taobao.org/, tarball: https://registry.npmmirror.com/dom-align/-/dom-align-1.12.4.tgz}
    name: dom-align
    version: 1.12.4
    dev: false

  registry.npmmirror.com/dom-scroll-into-view@2.0.1:
    resolution: {integrity: sha512-bvVTQe1lfaUr1oFzZX80ce9KLDlZ3iU+XGNE/bz9HnGdklTieqsbmsLHe+rT2XWqopvL0PckkYqN7ksmm5pe3w==, registry: http://registry.npm.taobao.org/, tarball: https://registry.npmmirror.com/dom-scroll-into-view/-/dom-scroll-into-view-2.0.1.tgz}
    name: dom-scroll-into-view
    version: 2.0.1
    dev: false

  registry.npmmirror.com/esbuild@0.16.14:
    resolution: {integrity: sha512-6xAn3O6ZZyoxZAEkwfI9hw4cEqSr/o1ViJtnkvImVkblmUN65Md04o0S/7H1WNu1XGf1Cjij/on7VO4psIYjkw==, registry: http://registry.npm.taobao.org/, tarball: https://registry.npmmirror.com/esbuild/-/esbuild-0.16.14.tgz}
    name: esbuild
    version: 0.16.14
    engines: {node: '>=12'}
    hasBin: true
    requiresBuild: true
    optionalDependencies:
      '@esbuild/android-arm': 0.16.14
      '@esbuild/android-arm64': 0.16.14
      '@esbuild/android-x64': 0.16.14
      '@esbuild/darwin-arm64': 0.16.14
      '@esbuild/darwin-x64': 0.16.14
      '@esbuild/freebsd-arm64': 0.16.14
      '@esbuild/freebsd-x64': 0.16.14
      '@esbuild/linux-arm': 0.16.14
      '@esbuild/linux-arm64': 0.16.14
      '@esbuild/linux-ia32': 0.16.14
      '@esbuild/linux-loong64': 0.16.14
      '@esbuild/linux-mips64el': 0.16.14
      '@esbuild/linux-ppc64': 0.16.14
      '@esbuild/linux-riscv64': 0.16.14
      '@esbuild/linux-s390x': 0.16.14
      '@esbuild/linux-x64': 0.16.14
      '@esbuild/netbsd-x64': 0.16.14
      '@esbuild/openbsd-x64': 0.16.14
      '@esbuild/sunos-x64': 0.16.14
      '@esbuild/win32-arm64': 0.16.14
      '@esbuild/win32-ia32': 0.16.14
      '@esbuild/win32-x64': 0.16.14
    dev: true

  registry.npmmirror.com/estree-walker@2.0.2:
    resolution: {integrity: sha512-Rfkk/Mp/DL7JVje3u18FxFujQlTNR2q6QfMSMB7AvCBx91NGj/ba3kCfza0f6dVDbw7YlRf/nDrn7pQrCCyQ/w==, registry: http://registry.npm.taobao.org/, tarball: https://registry.npmmirror.com/estree-walker/-/estree-walker-2.0.2.tgz}
    name: estree-walker
    version: 2.0.2

  registry.npmmirror.com/follow-redirects@1.15.2:
    resolution: {integrity: sha512-VQLG33o04KaQ8uYi2tVNbdrWp1QWxNNea+nmIB4EVM28v0hmP17z7aG1+wAkNzVq4KeXTq3221ye5qTJP91JwA==, registry: http://registry.npm.taobao.org/, tarball: https://registry.npmmirror.com/follow-redirects/-/follow-redirects-1.15.2.tgz}
    name: follow-redirects
    version: 1.15.2
    engines: {node: '>=4.0'}
    peerDependencies:
      debug: '*'
    peerDependenciesMeta:
      debug:
        optional: true
    dev: false

  registry.npmmirror.com/form-data@4.0.0:
    resolution: {integrity: sha512-ETEklSGi5t0QMZuiXoA/Q6vcnxcLQP5vdugSpuAyi6SVGi2clPPp+xgEhuMaHC+zGgn31Kd235W35f7Hykkaww==, registry: http://registry.npm.taobao.org/, tarball: https://registry.npmmirror.com/form-data/-/form-data-4.0.0.tgz}
    name: form-data
    version: 4.0.0
    engines: {node: '>= 6'}
    dependencies:
      asynckit: registry.npmmirror.com/asynckit@0.4.0
      combined-stream: registry.npmmirror.com/combined-stream@1.0.8
      mime-types: registry.npmmirror.com/mime-types@2.1.35
    dev: false

  registry.npmmirror.com/function-bind@1.1.1:
    resolution: {integrity: sha512-yIovAzMX49sF8Yl58fSCWJ5svSLuaibPxXQJFLmBObTuCr0Mf1KiPopGM9NiFjiYBCbfaa2Fh6breQ6ANVTI0A==, registry: http://registry.npm.taobao.org/, tarball: https://registry.npmmirror.com/function-bind/-/function-bind-1.1.1.tgz}
    name: function-bind
    version: 1.1.1
    dev: true

  registry.npmmirror.com/has@1.0.3:
    resolution: {integrity: sha512-f2dvO0VU6Oej7RkWJGrehjbzMAjFp5/VKPp5tTpWIV4JHHZK1/BxbFRtf/siA2SWTe09caDmVtYYzWEIbBS4zw==, registry: http://registry.npm.taobao.org/, tarball: https://registry.npmmirror.com/has/-/has-1.0.3.tgz}
    name: has
    version: 1.0.3
    engines: {node: '>= 0.4.0'}
    dependencies:
      function-bind: registry.npmmirror.com/function-bind@1.1.1
    dev: true

  registry.npmmirror.com/he@1.2.0:
    resolution: {integrity: sha512-F/1DnUGPopORZi0ni+CvrCgHQ5FyEAHRLSApuYWMmrbSwoN2Mn/7k+Gl38gJnR7yyDZk6WLXwiGod1JOWNDKGw==, registry: http://registry.npm.taobao.org/, tarball: https://registry.npmmirror.com/he/-/he-1.2.0.tgz}
    name: he
    version: 1.2.0
    hasBin: true
    dev: true

  registry.npmmirror.com/is-core-module@2.11.0:
    resolution: {integrity: sha512-RRjxlvLDkD1YJwDbroBHMb+cukurkDWNyHx7D3oNB5x9rb5ogcksMC5wHCadcXoo67gVr/+3GFySh3134zi6rw==, registry: http://registry.npm.taobao.org/, tarball: https://registry.npmmirror.com/is-core-module/-/is-core-module-2.11.0.tgz}
    name: is-core-module
    version: 2.11.0
    dependencies:
      has: registry.npmmirror.com/has@1.0.3
    dev: true

  registry.npmmirror.com/is-plain-object@3.0.1:
    resolution: {integrity: sha512-Xnpx182SBMrr/aBik8y+GuR4U1L9FqMSojwDQwPMmxyC6bvEqly9UBCxhauBF5vNh2gwWJNX6oDV7O+OM4z34g==, registry: http://registry.npm.taobao.org/, tarball: https://registry.npmmirror.com/is-plain-object/-/is-plain-object-3.0.1.tgz}
    name: is-plain-object
    version: 3.0.1
    engines: {node: '>=0.10.0'}
    dev: false

  registry.npmmirror.com/js-tokens@4.0.0:
    resolution: {integrity: sha512-RdJUflcE3cUzKiMqQgsCu06FPu9UdIJO0beYbPhHN4k6apgJtifcoCtT9bcxOpYBtpD2kCM6Sbzg4CausW/PKQ==, registry: http://registry.npm.taobao.org/, tarball: https://registry.npmmirror.com/js-tokens/-/js-tokens-4.0.0.tgz}
    name: js-tokens
    version: 4.0.0
    dev: false

  registry.npmmirror.com/lodash-es@4.17.21:
    resolution: {integrity: sha512-mKnC+QJ9pWVzv+C4/U3rRsHapFfHvQFoFB92e52xeyGMcX6/OlIl78je1u8vePzYZSkkogMPJ2yjxxsb89cxyw==, registry: http://registry.npm.taobao.org/, tarball: https://registry.npmmirror.com/lodash-es/-/lodash-es-4.17.21.tgz}
    name: lodash-es
    version: 4.17.21
    dev: false

  registry.npmmirror.com/lodash@4.17.21:
    resolution: {integrity: sha512-v2kDEe57lecTulaDIuNTPy3Ry4gLGJ6Z1O3vE1krgXZNrsQ+LFTGHVxVjcXPs17LhbZVGedAJv8XZ1tvj5FvSg==, registry: http://registry.npm.taobao.org/, tarball: https://registry.npmmirror.com/lodash/-/lodash-4.17.21.tgz}
    name: lodash
    version: 4.17.21
    dev: false

  registry.npmmirror.com/loose-envify@1.4.0:
    resolution: {integrity: sha512-lyuxPGr/Wfhrlem2CL/UcnUc1zcqKAImBDzukY7Y5F/yQiNdko6+fRLevlw1HgMySw7f611UIY408EtxRSoK3Q==, registry: http://registry.npm.taobao.org/, tarball: https://registry.npmmirror.com/loose-envify/-/loose-envify-1.4.0.tgz}
    name: loose-envify
    version: 1.4.0
    hasBin: true
    dependencies:
      js-tokens: registry.npmmirror.com/js-tokens@4.0.0
    dev: false

  registry.npmmirror.com/magic-string@0.25.9:
    resolution: {integrity: sha512-RmF0AsMzgt25qzqqLc1+MbHmhdx0ojF2Fvs4XnOqz2ZOBXzzkEwc/dJQZCYHAn7v1jbVOjAZfK8msRn4BxO4VQ==, registry: http://registry.npm.taobao.org/, tarball: https://registry.npmmirror.com/magic-string/-/magic-string-0.25.9.tgz}
    name: magic-string
    version: 0.25.9
    dependencies:
      sourcemap-codec: registry.npmmirror.com/sourcemap-codec@1.4.8

  registry.npmmirror.com/mime-db@1.52.0:
    resolution: {integrity: sha512-sPU4uV7dYlvtWJxwwxHD0PuihVNiE7TyAbQ5SWxDCB9mUYvOgroQOwYQQOKPJ8CIbE+1ETVlOoK1UC2nU3gYvg==, registry: http://registry.npm.taobao.org/, tarball: https://registry.npmmirror.com/mime-db/-/mime-db-1.52.0.tgz}
    name: mime-db
    version: 1.52.0
    engines: {node: '>= 0.6'}
    dev: false

  registry.npmmirror.com/mime-types@2.1.35:
    resolution: {integrity: sha512-ZDY+bPm5zTTF+YpCrAU9nK0UgICYPT0QtT1NZWFv4s++TNkcgVaT0g6+4R2uI4MjQjzysHB1zxuWL50hzaeXiw==, registry: http://registry.npm.taobao.org/, tarball: https://registry.npmmirror.com/mime-types/-/mime-types-2.1.35.tgz}
    name: mime-types
    version: 2.1.35
    engines: {node: '>= 0.6'}
    dependencies:
      mime-db: registry.npmmirror.com/mime-db@1.52.0
    dev: false

  registry.npmmirror.com/minimatch@5.1.2:
    resolution: {integrity: sha512-bNH9mmM9qsJ2X4r2Nat1B//1dJVcn3+iBLa3IgqJ7EbGaDNepL9QSHOxN4ng33s52VMMhhIfgCYDk3C4ZmlDAg==, registry: http://registry.npm.taobao.org/, tarball: https://registry.npmmirror.com/minimatch/-/minimatch-5.1.2.tgz}
    name: minimatch
    version: 5.1.2
    engines: {node: '>=10'}
    dependencies:
      brace-expansion: registry.npmmirror.com/brace-expansion@2.0.1
    dev: true

  registry.npmmirror.com/muggle-string@0.1.0:
    resolution: {integrity: sha512-Tr1knR3d2mKvvWthlk7202rywKbiOm4rVFLsfAaSIhJ6dt9o47W4S+JMtWhd/PW9Wrdew2/S2fSvhz3E2gkfEg==, registry: http://registry.npm.taobao.org/, tarball: https://registry.npmmirror.com/muggle-string/-/muggle-string-0.1.0.tgz}
    name: muggle-string
    version: 0.1.0
    dev: true

  registry.npmmirror.com/nanoid@3.3.4:
    resolution: {integrity: sha512-MqBkQh/OHTS2egovRtLk45wEyNXwF+cokD+1YPf9u5VfJiRdAiRwB2froX5Co9Rh20xs4siNPm8naNotSD6RBw==, registry: http://registry.npm.taobao.org/, tarball: https://registry.npmmirror.com/nanoid/-/nanoid-3.3.4.tgz}
    name: nanoid
    version: 3.3.4
    engines: {node: ^10 || ^12 || ^13.7 || ^14 || >=15.0.1}
    hasBin: true

  registry.npmmirror.com/nanopop@2.2.0:
    resolution: {integrity: sha512-E9JaHcxh3ere8/BEZHAcnuD10RluTSPyTToBvoFWS9/7DcCx6gyKjbn7M7Bx7E1veCxCuY1iO6h4+gdAf1j73Q==, registry: http://registry.npm.taobao.org/, tarball: https://registry.npmmirror.com/nanopop/-/nanopop-2.2.0.tgz}
    name: nanopop
    version: 2.2.0
    dev: false

  registry.npmmirror.com/path-parse@1.0.7:
    resolution: {integrity: sha512-LDJzPVEEEPR+y48z93A0Ed0yXb8pAByGWo/k5YYdYgpY2/2EsOsksJrq7lOHxryrVOn1ejG6oAp8ahvOIQD8sw==, registry: http://registry.npm.taobao.org/, tarball: https://registry.npmmirror.com/path-parse/-/path-parse-1.0.7.tgz}
    name: path-parse
    version: 1.0.7
    dev: true

  registry.npmmirror.com/picocolors@1.0.0:
    resolution: {integrity: sha512-1fygroTLlHu66zi26VoTDv8yRgm0Fccecssto+MhsZ0D/DGW2sm8E8AjW7NU5VVTRt5GxbeZ5qBuJr+HyLYkjQ==, registry: http://registry.npm.taobao.org/, tarball: https://registry.npmmirror.com/picocolors/-/picocolors-1.0.0.tgz}
    name: picocolors
    version: 1.0.0

  registry.npmmirror.com/postcss@8.4.20:
    resolution: {integrity: sha512-6Q04AXR1212bXr5fh03u8aAwbLxAQNGQ/Q1LNa0VfOI06ZAlhPHtQvE4OIdpj4kLThXilalPnmDSOD65DcHt+g==, registry: http://registry.npm.taobao.org/, tarball: https://registry.npmmirror.com/postcss/-/postcss-8.4.20.tgz}
    name: postcss
    version: 8.4.20
    engines: {node: ^10 || ^12 || >=14}
    dependencies:
      nanoid: registry.npmmirror.com/nanoid@3.3.4
      picocolors: registry.npmmirror.com/picocolors@1.0.0
      source-map-js: registry.npmmirror.com/source-map-js@1.0.2

  registry.npmmirror.com/proxy-from-env@1.1.0:
    resolution: {integrity: sha512-D+zkORCbA9f1tdWRK0RaCR3GPv50cMxcrz4X8k5LTSUD1Dkw47mKJEZQNunItRTkWwgtaUSo1RVFRIG9ZXiFYg==, registry: http://registry.npm.taobao.org/, tarball: https://registry.npmmirror.com/proxy-from-env/-/proxy-from-env-1.1.0.tgz}
    name: proxy-from-env
    version: 1.1.0
    dev: false

  registry.npmmirror.com/regenerator-runtime@0.13.11:
    resolution: {integrity: sha512-kY1AZVr2Ra+t+piVaJ4gxaFaReZVH40AKNo7UCX6W+dEwBo/2oZJzqfuN1qLq1oL45o56cPaTXELwrTh8Fpggg==, registry: http://registry.npm.taobao.org/, tarball: https://registry.npmmirror.com/regenerator-runtime/-/regenerator-runtime-0.13.11.tgz}
    name: regenerator-runtime
    version: 0.13.11
    dev: false

  registry.npmmirror.com/resize-observer-polyfill@1.5.1:
    resolution: {integrity: sha512-LwZrotdHOo12nQuZlHEmtuXdqGoOD0OhaxopaNFxWzInpEgaLWoVuAMbTzixuosCx2nEG58ngzW3vxdWoxIgdg==, registry: http://registry.npm.taobao.org/, tarball: https://registry.npmmirror.com/resize-observer-polyfill/-/resize-observer-polyfill-1.5.1.tgz}
    name: resize-observer-polyfill
    version: 1.5.1
    dev: false

  registry.npmmirror.com/resolve@1.22.1:
    resolution: {integrity: sha512-nBpuuYuY5jFsli/JIs1oldw6fOQCBioohqWZg/2hiaOybXOft4lonv85uDOKXdf8rhyK159cxU5cDcK/NKk8zw==, registry: http://registry.npm.taobao.org/, tarball: https://registry.npmmirror.com/resolve/-/resolve-1.22.1.tgz}
    name: resolve
    version: 1.22.1
    hasBin: true
    dependencies:
      is-core-module: registry.npmmirror.com/is-core-module@2.11.0
      path-parse: registry.npmmirror.com/path-parse@1.0.7
      supports-preserve-symlinks-flag: registry.npmmirror.com/supports-preserve-symlinks-flag@1.0.0
    dev: true

  registry.npmmirror.com/rollup@3.9.1:
    resolution: {integrity: sha512-GswCYHXftN8ZKGVgQhTFUJB/NBXxrRGgO2NCy6E8s1rwEJ4Q9/VttNqcYfEvx4dTo4j58YqdC3OVztPzlKSX8w==, registry: http://registry.npm.taobao.org/, tarball: https://registry.npmmirror.com/rollup/-/rollup-3.9.1.tgz}
    name: rollup
    version: 3.9.1
    engines: {node: '>=14.18.0', npm: '>=8.0.0'}
    hasBin: true
    optionalDependencies:
      fsevents: 2.3.2
    dev: true

  registry.npmmirror.com/scroll-into-view-if-needed@2.2.31:
    resolution: {integrity: sha512-dGCXy99wZQivjmjIqihaBQNjryrz5rueJY7eHfTdyWEiR4ttYpsajb14rn9s5d4DY4EcY6+4+U/maARBXJedkA==, registry: http://registry.npm.taobao.org/, tarball: https://registry.npmmirror.com/scroll-into-view-if-needed/-/scroll-into-view-if-needed-2.2.31.tgz}
    name: scroll-into-view-if-needed
    version: 2.2.31
    dependencies:
      compute-scroll-into-view: registry.npmmirror.com/compute-scroll-into-view@1.0.20
    dev: false

  registry.npmmirror.com/shallow-equal@1.2.1:
    resolution: {integrity: sha512-S4vJDjHHMBaiZuT9NPb616CSmLf618jawtv3sufLl6ivK8WocjAo58cXwbRV1cgqxH0Qbv+iUt6m05eqEa2IRA==, registry: http://registry.npm.taobao.org/, tarball: https://registry.npmmirror.com/shallow-equal/-/shallow-equal-1.2.1.tgz}
    name: shallow-equal
    version: 1.2.1
    dev: false

  registry.npmmirror.com/source-map-js@1.0.2:
    resolution: {integrity: sha512-R0XvVJ9WusLiqTCEiGCmICCMplcCkIwwR11mOSD9CR5u+IXYdiseeEuXCVAjS54zqwkLcPNnmU4OeJ6tUrWhDw==, registry: http://registry.npm.taobao.org/, tarball: https://registry.npmmirror.com/source-map-js/-/source-map-js-1.0.2.tgz}
    name: source-map-js
    version: 1.0.2
    engines: {node: '>=0.10.0'}

  registry.npmmirror.com/source-map@0.6.1:
    resolution: {integrity: sha512-UjgapumWlbMhkBgzT7Ykc5YXUT46F0iKu8SGXq0bcwP5dz/h0Plj6enJqjz1Zbq2l5WaqYnrVbwWOWMyF3F47g==, registry: http://registry.npm.taobao.org/, tarball: https://registry.npmmirror.com/source-map/-/source-map-0.6.1.tgz}
    name: source-map
    version: 0.6.1
    engines: {node: '>=0.10.0'}

  registry.npmmirror.com/sourcemap-codec@1.4.8:
    resolution: {integrity: sha512-9NykojV5Uih4lgo5So5dtw+f0JgJX30KCNI8gwhz2J9A15wD0Ml6tjHKwf6fTSa6fAdVBdZeNOs9eJ71qCk8vA==, registry: http://registry.npm.taobao.org/, tarball: https://registry.npmmirror.com/sourcemap-codec/-/sourcemap-codec-1.4.8.tgz}
    name: sourcemap-codec
    version: 1.4.8
    deprecated: Please use @jridgewell/sourcemap-codec instead

  registry.npmmirror.com/supports-preserve-symlinks-flag@1.0.0:
    resolution: {integrity: sha512-ot0WnXS9fgdkgIcePe6RHNk1WA8+muPa6cSjeR3V8K27q9BB1rTE3R1p7Hv0z1ZyAc8s6Vvv8DIyWf681MAt0w==, registry: http://registry.npm.taobao.org/, tarball: https://registry.npmmirror.com/supports-preserve-symlinks-flag/-/supports-preserve-symlinks-flag-1.0.0.tgz}
    name: supports-preserve-symlinks-flag
    version: 1.0.0
    engines: {node: '>= 0.4'}
    dev: true

  registry.npmmirror.com/to-fast-properties@2.0.0:
    resolution: {integrity: sha512-/OaKK0xYrs3DmxRYqL/yDc+FxFUVYhDlXMhRmv3z915w2HF1tnN1omB354j8VUGO/hbRzyD6Y3sA7v7GS/ceog==, registry: http://registry.npm.taobao.org/, tarball: https://registry.npmmirror.com/to-fast-properties/-/to-fast-properties-2.0.0.tgz}
    name: to-fast-properties
    version: 2.0.0
    engines: {node: '>=4'}

  registry.npmmirror.com/typescript@4.9.4:
    resolution: {integrity: sha512-Uz+dTXYzxXXbsFpM86Wh3dKCxrQqUcVMxwU54orwlJjOpO3ao8L7j5lH+dWfTwgCwIuM9GQ2kvVotzYJMXTBZg==, registry: http://registry.npm.taobao.org/, tarball: https://registry.npmmirror.com/typescript/-/typescript-4.9.4.tgz}
    name: typescript
    version: 4.9.4
    engines: {node: '>=4.2.0'}
    hasBin: true
    dev: true

  registry.npmmirror.com/vite@4.0.4:
    resolution: {integrity: sha512-xevPU7M8FU0i/80DMR+YhgrzR5KS2ORy1B4xcX/cXLsvnUWvfHuqMmVU6N0YiJ4JWGRJJsLCgjEzKjG9/GKoSw==, registry: http://registry.npm.taobao.org/, tarball: https://registry.npmmirror.com/vite/-/vite-4.0.4.tgz}
    name: vite
    version: 4.0.4
    engines: {node: ^14.18.0 || >=16.0.0}
    hasBin: true
    peerDependencies:
      '@types/node': '>= 14'
      less: '*'
      sass: '*'
      stylus: '*'
      sugarss: '*'
      terser: ^5.4.0
    peerDependenciesMeta:
      '@types/node':
        optional: true
      less:
        optional: true
      sass:
        optional: true
      stylus:
        optional: true
      sugarss:
        optional: true
      terser:
        optional: true
    dependencies:
      esbuild: registry.npmmirror.com/esbuild@0.16.14
      postcss: registry.npmmirror.com/postcss@8.4.20
      resolve: registry.npmmirror.com/resolve@1.22.1
      rollup: registry.npmmirror.com/rollup@3.9.1
    optionalDependencies:
      fsevents: 2.3.2
    dev: true

  registry.npmmirror.com/vue-router@4.1.6(vue@3.2.45):
    resolution: {integrity: sha512-DYWYwsG6xNPmLq/FmZn8Ip+qrhFEzA14EI12MsMgVxvHFDYvlr4NXpVF5hrRH1wVcDP8fGi5F4rxuJSl8/r+EQ==, registry: http://registry.npm.taobao.org/, tarball: https://registry.npmmirror.com/vue-router/-/vue-router-4.1.6.tgz}
    id: registry.npmmirror.com/vue-router/4.1.6
    name: vue-router
    version: 4.1.6
    peerDependencies:
      vue: ^3.2.0
    dependencies:
      '@vue/devtools-api': registry.npmmirror.com/@vue/devtools-api@6.4.5
      vue: registry.npmmirror.com/vue@3.2.45
    dev: false

  registry.npmmirror.com/vue-template-compiler@2.7.14:
    resolution: {integrity: sha512-zyA5Y3ArvVG0NacJDkkzJuPQDF8RFeRlzV2vLeSnhSpieO6LK2OVbdLPi5MPPs09Ii+gMO8nY4S3iKQxBxDmWQ==, registry: http://registry.npm.taobao.org/, tarball: https://registry.npmmirror.com/vue-template-compiler/-/vue-template-compiler-2.7.14.tgz}
    name: vue-template-compiler
    version: 2.7.14
    dependencies:
      de-indent: registry.npmmirror.com/de-indent@1.0.2
      he: registry.npmmirror.com/he@1.2.0
    dev: true

  registry.npmmirror.com/vue-tsc@1.0.22(typescript@4.9.4):
    resolution: {integrity: sha512-xSxwgWR3czhv7sLKHWu6lzj9Xq6AtsCURVL45AY4TLGFszv2L2YlMgygXvqslyCM5bz9cyoIKSaZnzHqHTHjzA==, registry: http://registry.npm.taobao.org/, tarball: https://registry.npmmirror.com/vue-tsc/-/vue-tsc-1.0.22.tgz}
    id: registry.npmmirror.com/vue-tsc/1.0.22
    name: vue-tsc
    version: 1.0.22
    hasBin: true
    peerDependencies:
      typescript: '*'
    dependencies:
      '@volar/vue-language-core': registry.npmmirror.com/@volar/vue-language-core@1.0.22
      '@volar/vue-typescript': registry.npmmirror.com/@volar/vue-typescript@1.0.22
      typescript: registry.npmmirror.com/typescript@4.9.4
    dev: true

  registry.npmmirror.com/vue-types@3.0.2(vue@3.2.45):
    resolution: {integrity: sha512-IwUC0Aq2zwaXqy74h4WCvFCUtoV0iSWr0snWnE9TnU18S66GAQyqQbRf2qfJtUuiFsBf6qp0MEwdonlwznlcrw==, registry: http://registry.npm.taobao.org/, tarball: https://registry.npmmirror.com/vue-types/-/vue-types-3.0.2.tgz}
    id: registry.npmmirror.com/vue-types/3.0.2
    name: vue-types
    version: 3.0.2
    engines: {node: '>=10.15.0'}
    peerDependencies:
      vue: ^3.0.0
    dependencies:
      is-plain-object: registry.npmmirror.com/is-plain-object@3.0.1
      vue: registry.npmmirror.com/vue@3.2.45
    dev: false

  registry.npmmirror.com/vue@3.2.45:
    resolution: {integrity: sha512-9Nx/Mg2b2xWlXykmCwiTUCWHbWIj53bnkizBxKai1g61f2Xit700A1ljowpTIM11e3uipOeiPcSqnmBg6gyiaA==, registry: http://registry.npm.taobao.org/, tarball: https://registry.npmmirror.com/vue/-/vue-3.2.45.tgz}
    name: vue
    version: 3.2.45
    dependencies:
      '@vue/compiler-dom': registry.npmmirror.com/@vue/compiler-dom@3.2.45
      '@vue/compiler-sfc': registry.npmmirror.com/@vue/compiler-sfc@3.2.45
      '@vue/runtime-dom': registry.npmmirror.com/@vue/runtime-dom@3.2.45
      '@vue/server-renderer': registry.npmmirror.com/@vue/server-renderer@3.2.45(vue@3.2.45)
      '@vue/shared': registry.npmmirror.com/@vue/shared@3.2.45

  registry.npmmirror.com/warning@4.0.3:
    resolution: {integrity: sha512-rpJyN222KWIvHJ/F53XSZv0Zl/accqHR8et1kpaMTD/fLCRxtV8iX8czMzY7sVZupTI3zcUTg8eycS2kNF9l6w==, registry: http://registry.npm.taobao.org/, tarball: https://registry.npmmirror.com/warning/-/warning-4.0.3.tgz}
    name: warning
    version: 4.0.3
    dependencies:
      loose-envify: registry.npmmirror.com/loose-envify@1.4.0
    dev: false
